github.com/BurntSushi/toml v0.3.1/go.mod h1:xHWCNGjB5oqiDr8zfno3MHue2Ht5sIBksp03qcyfWMU=
github.com/ReneKroon/ttlcache v1.7.0 h1:8BkjFfrzVFXyrqnMtezAaJ6AHPSsVV10m6w28N/Fgkk=
github.com/ReneKroon/ttlcache v1.7.0/go.mod h1:8BGGzdumrIjWxdRx8zpK6L3oGMWvIXdvB2GD1cfvd+I=
github.com/aws/aws-lambda-go v1.23.0 h1:Vjwow5COkFJp7GePkk9kjAo/DyX36b7wVPKwseQZbRo=
github.com/aws/aws-lambda-go v1.23.0/go.mod h1:jJmlefzPfGnckuHdXX7/80O3BvUUi12XOkbv4w9SGLU=
github.com/aws/aws-sdk-go v1.38.18/go.mod h1:hcU610XS61/+aQV88ixoOzUoG7v3b31pl2zKMmprdro=
github.com/aws/aws-sdk-go-v2 v1.3.2 h1:RQj8l98yKUm0UV2Wd3w/Ms+TXV9Rs1E6Kr5tRRMfyU4=
github.com/aws/aws-sdk-go-v2 v1.3.2/go.mod h1:7OaACgj2SX3XGWnrIjGlJM22h6yD6MEWKvm7levnnM8=
github.com/aws/aws-sdk-go-v2 v1.3.3 h1:BKKakJ9v28yopLRF6bg6FAMbVKmcXuZe+r688XMsxtk=
github.com/aws/aws-sdk-go-v2 v1.3.3/go.mod h1:7OaACgj2SX3XGWnrIjGlJM22h6yD6MEWKvm7levnnM8=
github.com/aws/aws-sdk-go-v2/config v1.1.6 h1:tg8KyxrxDt1CrYmZXWs9lc6IFE1yxtk9kn6eS/v2fdA=
github.com/aws/aws-sdk-go-v2/config v1.1.6/go.mod h1:Kx90DDOgkMpRfSkzGbF13AVXHHfBNct1liO+95KxXsU=
github.com/aws/aws-sdk-go-v2/credentials v1.1.6 h1:efaeh6FsO/jzyJ+U4ZxduKC6rRJDrUpu+Z0k5+guqHo=
github.com/aws/aws-sdk-go-v2/credentials v1.1.6/go.mod h1:q1wQ5jHdFNhc4wnNcOEpnovs4keJA5Ds+qESCnfEsgU=
github.com/aws/aws-sdk-go-v2/feature/dynamodb/attributevalue v1.0.6 h1:g5wLY5sYDVsiSfhdCNTz1PCrwg3IPFI0B6RCq7jPS0U=
github.com/aws/aws-sdk-go-v2/feature/dynamodb/attributevalue v1.0.6/go.mod h1:E2ZDgP72OdIcoBp30Z0473wnEdk6eHpoR8k6X4ZBK+s=
github.com/aws/aws-sdk-go-v2/feature/ec2/imds v1.0.6 h1:zoOz5V56jO/rGixsCDnrQtAzYRYM2hGA/43U6jVMFbo=
github.com/aws/aws-sdk-go-v2/feature/ec2/imds v1.0.6/go.mod h1:0+fWMitrmIpENiY8/1DyhdYPUCAPvd9UNz9mtCsEoLQ=
github.com/aws/aws-sdk-go-v2/service/dynamodb v1.2.2 h1:8tA7Go+R0crArjhD+Cu7QKmhSy+F24Ll1WHzQN/VOGY=
github.com/aws/aws-sdk-go-v2/service/dynamodb v1.2.2/go.mod h1:1/onFSTaj5Pz/pI/3YjomZQcx1BYdttnOJUJVKSOh7A=
github.com/aws/aws-sdk-go-v2/service/dynamodbstreams v1.1.5 h1:mIYhNg/Z2XrmatG83NO1jmGQn6qqC7HgCp1EgWMKSfE=
github.com/aws/aws-sdk-go-v2/service/dynamodbstreams v1.1.5/go.mod h1:B2PQLLUaAWhLDDWa8hxidIv5+hdinrKm7W2LtCNti1c=
github.com/aws/aws-sdk-go-v2/service/firehose v1.2.2 h1:pRqP+i6H2vad3pthnZQLVEVTtbygfmfvm6vLMl8urU0=
github.com/aws/aws-sdk-go-v2/service/firehose v1.2.2/go.mod h1:EirX3/zx3KlqrusJyikVSSeRdB5QuyaR3xmtbvzlrnE=
github.com/aws/aws-sdk-go-v2/service/internal/accept-encoding v1.0.4 h1:8yeByqOL6UWBsOOXsHnW93/ukwL66O008tRfxXxnTwA=
github.com/aws/aws-sdk-go-v2/service/internal/accept-encoding v1.0.4/go.mod h1:BCfU3Uo2fhKcMZFp9zU5QQGQxqWCOYmZ/27Dju3S/do=
github.com/aws/aws-sdk-go-v2/service/internal/presigned-url v1.0.6 h1:ldYIsOP4WyjdzW8t6RC/aSieajrlx+3UN3UCZy1KM5Y=
github.com/aws/aws-sdk-go-v2/service/internal/presigned-url v1.0.6/go.mod h1:L0KWr0ASo83PRZu9NaZaDsw3koS6PspKv137DMDZjHo=
github.com/aws/aws-sdk-go-v2/service/kinesisvideo v1.1.5 h1:viwyFdr25QhLZiGvHPqe+WumNlxxdcpg2XBmR/pSnyA=
github.com/aws/aws-sdk-go-v2/service/kinesisvideo v1.1.5/go.mod h1:0Gbr763PMwc5S5zrf14HliE0PnxWHR5Qj79q3jk6biU=
github.com/aws/aws-sdk-go-v2/service/ses v1.2.2 h1:NVHy0deH7YK3yJc+xB1gA/wZeNXWVtL4zOTSdj5spfI=
github.com/aws/aws-sdk-go-v2/service/ses v1.2.2/go.mod h1:fdj/PsFS59GndzkUKAuWw7cLOjgLHn+V8V6otywinUk=
github.com/aws/aws-sdk-go-v2/service/sns v1.2.2 h1:phLGFAc2O7yX2ZmDENxd8CJ/jwGtsKp+ZycI9vJtCgI=
github.com/aws/aws-sdk-go-v2/service/sns v1.2.2/go.mod h1:bmy5i6vmXNNTOK8ZXGxD1qEuZtzfKaJXy6PEMBMt5sQ=
github.com/aws/aws-sdk-go-v2/service/ssm v1.4.0 h1:gTHcyXVnSTKNECgqTNLuQYmYhaEVUAlxsiog0XXvq60=
github.com/aws/aws-sdk-go-v2/service/ssm v1.4.0/go.mod h1:QcyvOwA2xPxSnC34A+yMZnK8vJEkP0/TwxTcwQdu3Yg=
github.com/aws/aws-sdk-go-v2/service/sso v1.1.5 h1:B7ec5wE4+3Ldkurmq0C4gfQFtElGTG+/iTpi/YPMzi4=
github.com/aws/aws-sdk-go-v2/service/sso v1.1.5/go.mod h1:bpGz0tidC4y39sZkQSkpO/J0tzWCMXHbw6FZ0j1GkWM=
github.com/aws/aws-sdk-go-v2/service/sts v1.3.0 h1:4o69U9waE25xhRbsnXa4jjQac03BFJcNfcZkSedk3e4=
github.com/aws/aws-sdk-go-v2/service/sts v1.3.0/go.mod h1:ssRzzJ2RZOVuKj2Vx1YE7ypfil/BIlgmQnCSW4DistU=
github.com/aws/smithy-go v1.3.1 h1:xJFO4pK0y9J8fCl34uGsSJX5KNnGbdARDlA5BPhXnwE=
github.com/aws/smithy-go v1.3.1/go.mod h1:SObp3lf9smib00L/v3U2eAKG8FyQ7iLrJnQiAmR5n+E=
github.com/coreos/go-systemd v0.0.0-20190321100706-95778dfbb74e/go.mod h1:F5haX7vjVVG0kc13fIWeqUViNPyEJxv/OmvnBo0Yme4=
github.com/cpuguy83/go-md2man/v2 v2.0.0-20190314233015-f79a8a8ca69d/go.mod h1:maD7wRr/U5Z6m/iR4s+kqSMx2CaBsrgA7czyZG/E6dU=
github.com/cpuguy83/go-md2man/v2 v2.0.0/go.mod h1:maD7wRr/U5Z6m/iR4s+kqSMx2CaBsrgA7czyZG/E6dU=
github.com/davecgh/go-spew v1.1.0/go.mod h1:J7Y8YcW2NihsgmVo/mv3lAwl/skON4iLHjSsI+c5H38=
github.com/davecgh/go-spew v1.1.1 h1:vj9j/u1bqnvCEfJOwUhtlOARqs3+rkHYY13jYWTU97c=
github.com/davecgh/go-spew v1.1.1/go.mod h1:J7Y8YcW2NihsgmVo/mv3lAwl/skON4iLHjSsI+c5H38=
github.com/google/go-cmp v0.5.2/go.mod h1:v8dTdLbMG2kIc/vJvl+f65V22dbkXbowE6jgT/gNBxE=
github.com/google/go-cmp v0.5.4/go.mod h1:v8dTdLbMG2kIc/vJvl+f65V22dbkXbowE6jgT/gNBxE=
github.com/google/go-querystring v1.1.0 h1:AnCroh3fv4ZBgVIf1Iwtovgjaw/GiKJo8M8yD/fhyJ8=
github.com/google/go-querystring v1.1.0/go.mod h1:Kcdr2DB4koayq7X8pmAG4sNG59So17icRSOU623lUBU=
github.com/jmespath/go-jmespath v0.4.0 h1:BEgLn5cpjn8UN1mAw4NjwDrS35OdebyEtFe+9YPoQUg=
github.com/jmespath/go-jmespath v0.4.0/go.mod h1:T8mJZnbsbmF+m6zOOFylbeCJqk5+pHWvzYPziyZiYoo=
github.com/jmespath/go-jmespath/internal/testify v1.5.1/go.mod h1:L3OGu8Wl2/fWfCI6z80xFu9LTZmf1ZRjMHUOPmWr69U=
github.com/pkg/errors v0.9.1/go.mod h1:bwawxfHBFNV+L2hUp1rHADufV3IMtnDRdf1r5NINEl0=
github.com/plivo/plivo-go v5.5.2+incompatible h1:dp6ixDiTbrDT8OhBPT4t7WcAH/PYWu0THjAg7v42GH4=
github.com/plivo/plivo-go v5.5.2+incompatible/go.mod h1:OhnI9crdl6O+D94Lp1lvuwJoA3KUH39J6IM+j3HwCBE=
github.com/pmezard/go-difflib v1.0.0 h1:4DBwDE0NGyQoBHbLQYPwSUPoCMWR5BEzIk/f1lZbAQM=
github.com/pmezard/go-difflib v1.0.0/go.mod h1:iKH77koFhYxTK1pcRnkKkqfTogsbg7gZNVY4sRDYZ/4=
github.com/rs/xid v1.2.1/go.mod h1:+uKXf+4Djp6Md1KODXJxgGQPKngRmWyn10oCKFzNHOQ=
github.com/rs/zerolog v1.21.0 h1:Q3vdXlfLNT+OftyBHsU0Y445MD+8m8axjKgf2si0QcM=
github.com/rs/zerolog v1.21.0/go.mod h1:ZPhntP/xmq1nnND05hhpAh2QMhSsA4UN3MGZ6O2J3hM=
github.com/russross/blackfriday/v2 v2.0.1/go.mod h1:+Rmxgy9KzJVeS9/2gXHxylqXiyQDYRxCVz55jmeOWTM=
github.com/satori/go.uuid v1.2.0 h1:0uYX9dsZ2yD7q2RtLRtPSdGDWzjeM3TbMJP9utgA0ww=
github.com/satori/go.uuid v1.2.0/go.mod h1:dA0hQrYB0VpLJoorglMZABFdXlWrHn1NEOzdhQKdks0=
github.com/shurcooL/sanitized_anchor_name v1.0.0/go.mod h1:1NzhyTcUVG4SuEtjjoZeVRXNmyL/1OwPU0+IJeTBvfc=
github.com/sirupsen/logrus v1.8.1 h1:dJKuHgqk1NNQlqoA6BTlM1Wf9DOH3NBjQyu0h9+AZZE=
github.com/sirupsen/logrus v1.8.1/go.mod h1:yWOB1SBYBC5VeMP7gHvWumXLIWorT60ONWic61uBYv0=
github.com/sowens-csd/ftlambdas/awsproxy v0.0.0-20210423171407-b15bd5853bb0 h1:XvgA1sowyQDUirEuFfNTG9IBiCkNB/KFkXF3m1ZSIow=
github.com/sowens-csd/ftlambdas/awsproxy v0.0.0-20210423171407-b15bd5853bb0/go.mod h1:3FMTOyW4cPqNLBfAyhrKg25ULpxXrwMBqIPZu39/w54=
github.com/sowens-csd/ftlambdas/sms v0.0.0-20210428192722-d898bac83d58 h1:mXoPu8Ul8VNRwirk1XmtAqKjnU39TESXgBY4KdwVCBw=
github.com/sowens-csd/ftlambdas/sms v0.0.0-20210428192722-d898bac83d58/go.mod h1:lr1zfFl+U05zbeoyIHvpIjSGWa9+0owAZsHajCdNBNA=
github.com/stretchr/objx v0.1.0/go.mod h1:HFkY916IF+rwdDfMAkV7OtwuqBVzrE8GR6GFx+wExME=
github.com/stretchr/testify v1.2.2/go.mod h1:a8OnRcib4nhh0OaRAV+Yts87kKdq0PP7pXfy6kDkUVs=
github.com/stretchr/testify v1.3.0/go.mod h1:M5WIy9Dh21IEIfnGCwXGc5bZfKNJtfHm1UVUgZn+9EI=
github.com/stretchr/testify v1.6.1 h1:hDPOHmpOpP40lSULcqw7IrRb/u7w6RpDC9399XyoNd0=
github.com/stretchr/testify v1.6.1/go.mod h1:6Fq8oRcR53rry900zMqJjRRixrwX3KX962/h/Wwjteg=
github.com/urfave/cli v1.21.0/go.mod h1:lxDj6qX9Q6lWQxIrbrT0nwecwUtRnhVZAJjJZrVUZZQ=
github.com/urfave/cli/v2 v2.2.0/go.mod h1:SE9GqnLQmjVa0iPEY0f1w3ygNIYcIJ0OKPMoW2caLfQ=
github.com/yuin/goldmark v1.2.1/go.mod h1:3hX8gzYuyVAZsxl0MRgGTJEmQBFcNTphYh9decYSb74=
go.uber.org/goleak v0.10.0/go.mod h1:VCZuO8V8mFPlL0F5J5GK1rtHV3DrFcQ1R8ryq7FK0aI=
golang.org/x/crypto v0.0.0-20190308221718-c2843e01d9a2/go.mod h1:djNgcEr1/C05ACkg1iLfiJU5Ep61QUkGW8qpdssI0+w=
golang.org/x/crypto v0.0.0-20191011191535-87dc89f01550/go.mod h1:yigFU9vqHzYiE8UmvKecakEJjdnWj3jj499lnFckfCI=
golang.org/x/crypto v0.0.0-20200622213623-75b288015ac9/go.mod h1:LzIPMQfyMNhhGPhUkYOs5KpL4U8rLKemX1yGLhDgUto=
golang.org/x/crypto v0.0.0-20210421170649-83a5a9bb288b h1:7mWr3k41Qtv8XlltBkDkl8LoP3mpSgBW8BUoxtEdbXg=
golang.org/x/crypto v0.0.0-20210421170649-83a5a9bb288b/go.mod h1:T9bdIzuCu7OtxOm1hfPfRQxPLYneinmdGuTeoZ9dtd4=
golang.org/x/mod v0.3.0/go.mod h1:s0Qsj1ACt9ePp/hMypM3fl4fZqREWJwdYDEqhRiZZUA=
golang.org/x/net v0.0.0-20190404232315-eb5bcb51f2a3/go.mod h1:t9HGtf8HONx5eT2rtn7q6eTqICYqUVnKs3thJo3Qplg=
golang.org/x/net v0.0.0-20190620200207-3b0461eec859/go.mod h1:z5CRVTTTmAJ677TzLLGU+0bjPO0LkuOLi4/5GtJWs/s=
golang.org/x/net v0.0.0-20201021035429-f5854403a974/go.mod h1:sp8m0HH+o8qH0wwXwYZr8TS3Oi6o0r6Gce1SSxlDquU=
golang.org/x/net v0.0.0-20201110031124-69a78807bb2b/go.mod h1:sp8m0HH+o8qH0wwXwYZr8TS3Oi6o0r6Gce1SSxlDquU=
golang.org/x/net v0.0.0-20210226172049-e18ecbb05110/go.mod h1:m0MpNAwzfU5UDzcl9v0D8zg8gWTRqZa9RBIspLL5mdg=
golang.org/x/sync v0.0.0-20190423024810-112230192c58/go.mod h1:RxMgew5VJxzue5/jJTE5uejpjVlOe/izrB70Jof72aM=
golang.org/x/sync v0.0.0-20201020160332-67f06af15bc9/go.mod h1:RxMgew5VJxzue5/jJTE5uejpjVlOe/izrB70Jof72aM=
golang.org/x/sys v0.0.0-20190215142949-d0b11bdaac8a/go.mod h1:STP8DvDyc/dI5b8T5hshtkjS+E42TnysNCUPdjciGhY=
golang.org/x/sys v0.0.0-20190412213103-97732733099d/go.mod h1:h1NjWce9XRLGQEsW7wpKNCjG9DtNlClVuFLEZdDNbEs=
golang.org/x/sys v0.0.0-20191026070338-33540a1f6037 h1:YyJpGZS1sBuBCzLAR1VEpK193GlqGZbnPFnPV/5Rsb4=
golang.org/x/sys v0.0.0-20191026070338-33540a1f6037/go.mod h1:h1NjWce9XRLGQEsW7wpKNCjG9DtNlClVuFLEZdDNbEs=
golang.org/x/sys v0.0.0-20200930185726-fdedc70b468f/go.mod h1:h1NjWce9XRLGQEsW7wpKNCjG9DtNlClVuFLEZdDNbEs=
golang.org/x/sys v0.0.0-20201119102817-f84b799fce68/go.mod h1:h1NjWce9XRLGQEsW7wpKNCjG9DtNlClVuFLEZdDNbEs=
golang.org/x/sys v0.0.0-20210119212857-b64e53b001e4/go.mod h1:h1NjWce9XRLGQEsW7wpKNCjG9DtNlClVuFLEZdDNbEs=
golang.org/x/sys v0.0.0-20210423082822-04245dca01da h1:b3NXsE2LusjYGGjL5bxEVZZORm/YEFFrWFjR8eFrw/c=
golang.org/x/sys v0.0.0-20210423082822-04245dca01da/go.mod h1:h1NjWce9XRLGQEsW7wpKNCjG9DtNlClVuFLEZdDNbEs=
golang.org/x/term v0.0.0-20201126162022-7de9c90e9dd1/go.mod h1:bj7SfCRtBDWHUb9snDiAeCFNEtKQo2Wmx5Cou7ajbmo=
golang.org/x/text v0.3.0/go.mod h1:NqM8EUOU14njkJ3fqMW+pc6Ldnwhi/IjpwHt7yyuwOQ=
golang.org/x/text v0.3.3/go.mod h1:5Zoc/QRtKVWzQhOtBMvqHzDpF6irO9z98xDceosuGiQ=
golang.org/x/tools v0.0.0-20180917221912-90fa682c2a6e/go.mod h1:n7NCudcB/nEzxVGmLbDWY5pfWTLqBcC2KZ6jyYvM4mQ=
golang.org/x/tools v0.0.0-20191119224855-298f0cb1881e/go.mod h1:b+2E5dAYhXwXZwtnZ6UAqBI28+e2cm9otk0dWdXHAEo=
golang.org/x/tools v0.1.0/go.mod h1:xkSsbof2nBLbhDlRMhhhyNLN/zl3eTqcnHD5viDpcZ0=
golang.org/x/xerrors v0.0.0-20190717185122-a985d3407aa7/go.mod h1:I/5z698sn9Ka8TeJc9MKroUUfqBBauWjQqLJ2OPfmY0=
golang.org/x/xerrors v0.0.0-20191011141410-1b5146add898/go.mod h1:I/5z698sn9Ka8TeJc9MKroUUfqBBauWjQqLJ2OPfmY0=
golang.org/x/xerrors v0.0.0-20191204190536-9bdfabe68543/go.mod h1:I/5z698sn9Ka8TeJc9MKroUUfqBBauWjQqLJ2OPfmY0=
golang.org/x/xerrors v0.0.0-20200804184101-5ec99f83aff1/go.mod h1:I/5z698sn9Ka8TeJc9MKroUUfqBBauWjQqLJ2OPfmY0=
gopkg.in/check.v1 v0.0.0-20161208181325-20d25e280405/go.mod h1:Co6ibVJAznAaIkqp8huTwlJQCZ016jof/cbN4VW5Yz0=
gopkg.in/square/go-jose.v2 v2.5.1 h1:7odma5RETjNHWJnR32wx8t+Io4djHE1PqxCFx3iiZ2w=
gopkg.in/square/go-jose.v2 v2.5.1/go.mod h1:M9dMgbHiYLoDGQrXy7OpJDJWiKiU//h+vD76mk0e1AI=
gopkg.in/yaml.v2 v2.2.2/go.mod h1:hI93XBmqTisBFMUTm0b8Fm+jr3Dg1NNxqwp+5A1VGuI=
gopkg.in/yaml.v2 v2.2.8/go.mod h1:hI93XBmqTisBFMUTm0b8Fm+jr3Dg1NNxqwp+5A1VGuI=
gopkg.in/yaml.v3 v3.0.0-20200313102051-9f266ea9e77c/go.mod h1:K4uyk7z7BCEPqu6E+C64Yfv1cQ7kz7rIZviUmN+EgEM=
gopkg.in/yaml.v3 v3.0.0-20200615113413-eeeca48fe776 h1:tQIYjPdBoyREyB9XMu+nnTclpTYkz2zFM+lzLJFO4gQ=
gopkg.in/yaml.v3 v3.0.0-20200615113413-eeeca48fe776/go.mod h1:K4uyk7z7BCEPqu6E+C64Yfv1cQ7kz7rIZviUmN+EgEM=
