github.com/BurntSushi/toml v0.3.1/go.mod h1:xHWCNGjB5oqiDr8zfno3MHue2Ht5sIBksp03qcyfWMU=
github.com/ReneKroon/ttlcache v1.7.0 h1:8BkjFfrzVFXyrqnMtezAaJ6AHPSsVV10m6w28N/Fgkk=
github.com/ReneKroon/ttlcache v1.7.0/go.mod h1:8BGGzdumrIjWxdRx8zpK6L3oGMWvIXdvB2GD1cfvd+I=
github.com/aws/aws-lambda-go v1.26.0/go.mod h1:jJmlefzPfGnckuHdXX7/80O3BvUUi12XOkbv4w9SGLU=
github.com/aws/aws-lambda-go v1.32.0 h1:i8MflawW1hoyYp85GMH7LhvAs4cqzL7LOS6fSv8l2KM=
github.com/aws/aws-sdk-go v1.40.18/go.mod h1:585smgzpB/KqRA+K3y/NL/oYRqQvpNJYvLm+LY1U59Q=
github.com/aws/aws-sdk-go-v2 v1.3.2/go.mod h1:7OaACgj2SX3XGWnrIjGlJM22h6yD6MEWKvm7levnnM8=
github.com/aws/aws-sdk-go-v2 v1.8.0/go.mod h1:xEFuWz+3TYdlPRuo+CqATbeDWIWyaT5uAPwPaWtgse0=
github.com/aws/aws-sdk-go-v2 v1.15.0/go.mod h1:lJYcuZZEHWNIb6ugJjbQY1fykdoobWbOS7kJYb4APoI=
github.com/aws/aws-sdk-go-v2 v1.16.1 h1:udzee98w8H6ikRgtFdVN9JzzYEbi/quFfSvduZETJIU=
github.com/aws/aws-sdk-go-v2/config v1.6.0/go.mod h1:TNtBVmka80lRPk5+S9ZqVfFszOQAGJJ9KbT3EM3CHNU=
github.com/aws/aws-sdk-go-v2/config v1.15.0 h1:cibCYF2c2uq0lsbu0Ggbg8RuGeiHCmXwUlTMS77CiK4=
github.com/aws/aws-sdk-go-v2/config v1.15.0/go.mod h1:NccaLq2Z9doMmeQXHQRrt2rm+2FbkrcPvfdbCaQn5hY=
github.com/aws/aws-sdk-go-v2/credentials v1.3.2/go.mod h1:PACKuTJdt6AlXvEq8rFI4eDmoqDFC5DpVKQbWysaDgM=
github.com/aws/aws-sdk-go-v2/credentials v1.10.0 h1:M/FFpf2w31F7xqJqJLgiM0mFpLOtBvwZggORr6QCpo8=
github.com/aws/aws-sdk-go-v2/credentials v1.10.0/go.mod h1:HWJMr4ut5X+Lt/7epc7I6Llg5QIcoFHKAeIzw32t6EE=
github.com/aws/aws-sdk-go-v2/feature/dynamodb/attributevalue v1.1.4/go.mod h1:BalixXTxmldrOnuBmxMcsCB5USo3bCV+hIJKhZrJ8Xw=
github.com/aws/aws-sdk-go-v2/feature/dynamodb/attributevalue v1.8.0 h1:XxTy21xVUkoCZOSGwf+AW22v8aK3eEbYMaGGQ3MbKKk=
github.com/aws/aws-sdk-go-v2/feature/dynamodb/attributevalue v1.8.0/go.mod h1:6WkjzWenkrj3IgLPIPBBz4Qh99jNDF8L4Wj03vfMhAA=
github.com/aws/aws-sdk-go-v2/feature/ec2/imds v1.4.0/go.mod h1:Mj/U8OpDbcVcoctrYwA2bak8k/HFPdcLzI/vaiXMwuM=
github.com/aws/aws-sdk-go-v2/feature/ec2/imds v1.12.0 h1:gUlb+I7NwDtqJUIRcFYDiheYa97PdVHG/5Iz+SwdoHE=
github.com/aws/aws-sdk-go-v2/feature/ec2/imds v1.12.0/go.mod h1:prX26x9rmLwkEE1VVCelQOQgRN9sOVIssgowIJ270SE=
github.com/aws/aws-sdk-go-v2/internal/configsources v1.0.2/go.mod h1:1QsSZvLUuaQ6VJsCXolYCEzV0mVBkNBp64pIJy9yRks=
github.com/aws/aws-sdk-go-v2/internal/configsources v1.1.6/go.mod h1:SSPEdf9spsFgJyhjrXvawfpyzrXHBCUe+2eQ1CjC1Ak=
github.com/aws/aws-sdk-go-v2/internal/configsources v1.1.8 h1:CDaO90VZVBAL1sK87S5oSPIrp7yZqORv1hPIi2UsTMk=
github.com/aws/aws-sdk-go-v2/internal/endpoints/v2 v2.4.0/go.mod h1:viTrxhAuejD+LszDahzAE2x40YjYWhMqzHxv2ZiWaME=
github.com/aws/aws-sdk-go-v2/internal/endpoints/v2 v2.4.2 h1:XXR3cdOcKRCTZf6ctcqpMf+go1BdzTm6+T9Ul5zxcMI=
github.com/aws/aws-sdk-go-v2/internal/ini v1.2.0/go.mod h1:Q5jATQc+f1MfZp3PDMhn6ry18hGvE0i8yvbXoKbnZaE=
github.com/aws/aws-sdk-go-v2/internal/ini v1.3.7 h1:QOMEP8jnO8sm0SX/4G7dbaIq2eEP2wcWEsF0jzrXLJc=
github.com/aws/aws-sdk-go-v2/internal/ini v1.3.7/go.mod h1:P5sjYYf2nc5dE6cZIzEMsVtq6XeLD7c4rM+kQJPrByA=
github.com/aws/aws-sdk-go-v2/service/dynamodb v1.4.2/go.mod h1:CBVwmgiHX9hzS8rySIXhIOr8v5TrFvwBvNP8aXEC1JM=
github.com/aws/aws-sdk-go-v2/service/dynamodb v1.15.0 h1:qnx+WyIH9/AD+wAxi05WCMNanO236ceqHg6hChCWs3M=
github.com/aws/aws-sdk-go-v2/service/dynamodb v1.15.0/go.mod h1:+Kc1UmbE37ijaAsb3KogW6FR8z0myjX6VtdcCkQEK0k=
github.com/aws/aws-sdk-go-v2/service/dynamodbstreams v1.3.2/go.mod h1:RSAQ3CTKssm3sYMlmElRGJBq0gtok7gd3EXDBblAvsk=
github.com/aws/aws-sdk-go-v2/service/dynamodbstreams v1.13.0 h1:s71pGCiLqqGRoUWtdJ2j4PazwEpZVwQc16na/4FfXdk=
github.com/aws/aws-sdk-go-v2/service/dynamodbstreams v1.13.0/go.mod h1:YGzTq/joAih4HRZZtMBWGP4bI8xVucOBQ9RvuanpclA=
github.com/aws/aws-sdk-go-v2/service/firehose v1.2.2/go.mod h1:EirX3/zx3KlqrusJyikVSSeRdB5QuyaR3xmtbvzlrnE=
github.com/aws/aws-sdk-go-v2/service/internal/accept-encoding v1.2.2/go.mod h1:EASdTcM1lGhUe1/p4gkojHwlGJkeoRjjr1sRCzup3Is=
github.com/aws/aws-sdk-go-v2/service/internal/accept-encoding v1.9.0 h1:uhb7moM7VjqIEpWzTpCvceLDSwrWpaleXm39OnVjuLE=
github.com/aws/aws-sdk-go-v2/service/internal/accept-encoding v1.9.0/go.mod h1:pA2St3Pu2Ldy6fBPY45Azoh1WBG4oS7eIKOd4XN7Meg=
github.com/aws/aws-sdk-go-v2/service/internal/endpoint-discovery v1.0.2/go.mod h1:Gej5xRE+MK0r35OnxJJ07iqQ5JC1avTW/4MwGfsC2io=
github.com/aws/aws-sdk-go-v2/service/internal/endpoint-discovery v1.7.0 h1:6Bc0KHhAyxGe15JUHrK+Udw7KhE5LN+5HKZjQGo4yDI=
github.com/aws/aws-sdk-go-v2/service/internal/endpoint-discovery v1.7.0/go.mod h1:0nXuX9UrkN4r0PX9TSKfcueGRfsdEYIKG4rjTeJ61X8=
github.com/aws/aws-sdk-go-v2/service/internal/presigned-url v1.2.2/go.mod h1:NXmNI41bdEsJMrD0v9rUvbGCB5GwdBEpKvUvIY3vTFg=
github.com/aws/aws-sdk-go-v2/service/internal/presigned-url v1.9.0 h1:YQ3fTXACo7xeAqg0NiqcCmBOXJruUfh+4+O2qxF2EjQ=
github.com/aws/aws-sdk-go-v2/service/internal/presigned-url v1.9.0/go.mod h1:R31ot6BgESRCIoxwfKtIHzZMo/vsZn2un81g9BJ4nmo=
github.com/aws/aws-sdk-go-v2/service/kinesisvideo v1.1.5/go.mod h1:0Gbr763PMwc5S5zrf14HliE0PnxWHR5Qj79q3jk6biU=
github.com/aws/aws-sdk-go-v2/service/kinesisvideosignaling v1.3.2/go.mod h1:IQantvg++SojpMxqY8QHzyLhJ73wmnsSOESk/cfWKQk=
github.com/aws/aws-sdk-go-v2/service/ses v1.5.1/go.mod h1:WTV5u0smh/MIAK46wpA/L6V+4OvRJaRpVsMrDyEENMc=
github.com/aws/aws-sdk-go-v2/service/ses v1.14.0 h1:ZeKL+bpZ1gnn7XPoDQ6+jWK3IEpTl00jqpUmCJDNNtE=
github.com/aws/aws-sdk-go-v2/service/ses v1.14.0/go.mod h1:70CNSvmuawsf+iGDZhG+1nyAOMWk8T7NF1LF4mHqtfA=
github.com/aws/aws-sdk-go-v2/service/sns v1.7.1/go.mod h1:f411ez+okAvm7kQr3y/6K8n5lJid6q+ON2aAxxbUmb4=
github.com/aws/aws-sdk-go-v2/service/sns v1.17.1 h1:QCtDM6fUb1YKGfgAqrpwmYxxN0H7pHUCu6As1qKZtKo=
github.com/aws/aws-sdk-go-v2/service/ssm v1.8.1/go.mod h1:v5GXC7XGtNWK5z2781tqDybr0FkzlkoQLgyi5z9PrN4=
github.com/aws/aws-sdk-go-v2/service/ssm v1.22.0 h1:Vf6DsRUPZV5i1ifFjV5rJ+AtfID41mn/avHtMpjaVEE=
github.com/aws/aws-sdk-go-v2/service/ssm v1.22.0/go.mod h1:Uo7KlDMKo9MHGyMViEy4Gu9SSQ9EobjUGnXZdF4bVTg=
github.com/aws/aws-sdk-go-v2/service/sso v1.3.2/go.mod h1:J21I6kF+d/6XHVk7kp/cx9YVD2TMD2TbLwtRGVcinXo=
github.com/aws/aws-sdk-go-v2/service/sso v1.11.0 h1:gZLEXLH6NiU8Y52nRhK1jA+9oz7LZzBK242fi/ziXa4=
github.com/aws/aws-sdk-go-v2/service/sso v1.11.0/go.mod h1:d1WcT0OjggjQCAdOkph8ijkr5sUwk1IH/VenOn7W1PU=
github.com/aws/aws-sdk-go-v2/service/sts v1.6.1/go.mod h1:hLZ/AnkIKHLuPGjEiyghNEdvJ2PP0MgOxcmv9EBJ4xs=
github.com/aws/aws-sdk-go-v2/service/sts v1.16.0 h1:0+X/rJ2+DTBKWbUsn7WtF0JvNk/fRf928vkFsXkbbZs=
github.com/aws/aws-sdk-go-v2/service/sts v1.16.0/go.mod h1:+8k4H2ASUZZXmjx/s3DFLo9tGBb44lkz3XcgfypJY7s=
github.com/aws/smithy-go v1.3.1/go.mod h1:SObp3lf9smib00L/v3U2eAKG8FyQ7iLrJnQiAmR5n+E=
github.com/aws/smithy-go v1.7.0/go.mod h1:SObp3lf9smib00L/v3U2eAKG8FyQ7iLrJnQiAmR5n+E=
github.com/aws/smithy-go v1.11.1/go.mod h1:3xHYmszWVx2c0kIwQeEVf9uSm4fYZt67FBJnwub1bgM=
github.com/aws/smithy-go v1.11.2 h1:eG/N+CcUMAvsdffgMvjMKwfyDzIkjM6pfxMJ8Mzc6mE=
github.com/coreos/go-systemd v0.0.0-20190321100706-95778dfbb74e/go.mod h1:F5haX7vjVVG0kc13fIWeqUViNPyEJxv/OmvnBo0Yme4=
github.com/coreos/go-systemd/v22 v22.3.2/go.mod h1:Y58oyj3AT4RCenI/lSvhwexgC+NSVTIJ3seZv2GcEnc=
github.com/cpuguy83/go-md2man/v2 v2.0.0-20190314233015-f79a8a8ca69d/go.mod h1:maD7wRr/U5Z6m/iR4s+kqSMx2CaBsrgA7czyZG/E6dU=
github.com/cpuguy83/go-md2man/v2 v2.0.0/go.mod h1:maD7wRr/U5Z6m/iR4s+kqSMx2CaBsrgA7czyZG/E6dU=
github.com/davecgh/go-spew v1.1.0/go.mod h1:J7Y8YcW2NihsgmVo/mv3lAwl/skON4iLHjSsI+c5H38=
github.com/davecgh/go-spew v1.1.1 h1:vj9j/u1bqnvCEfJOwUhtlOARqs3+rkHYY13jYWTU97c=
github.com/davecgh/go-spew v1.1.1/go.mod h1:J7Y8YcW2NihsgmVo/mv3lAwl/skON4iLHjSsI+c5H38=
github.com/godbus/dbus/v5 v5.0.4/go.mod h1:xhWf0FNVPg57R7Z0UbKHbJfkEywrmjJnf7w5xrFpKfA=
github.com/google/go-cmp v0.5.2/go.mod h1:v8dTdLbMG2kIc/vJvl+f65V22dbkXbowE6jgT/gNBxE=
github.com/google/go-cmp v0.5.4/go.mod h1:v8dTdLbMG2kIc/vJvl+f65V22dbkXbowE6jgT/gNBxE=
github.com/google/go-cmp v0.5.6/go.mod h1:v8dTdLbMG2kIc/vJvl+f65V22dbkXbowE6jgT/gNBxE=
github.com/google/go-cmp v0.5.7 h1:81/ik6ipDQS2aGcBfIN5dHDB36BwrStyeAQquSYCV4o=
github.com/google/go-cmp v0.5.7/go.mod h1:n+brtR0CgQNWTVd5ZUFpTBC8YFBDLK/h/bpaJ8/DtOE=
github.com/google/go-querystring v1.1.0 h1:AnCroh3fv4ZBgVIf1Iwtovgjaw/GiKJo8M8yD/fhyJ8=
github.com/google/go-querystring v1.1.0/go.mod h1:Kcdr2DB4koayq7X8pmAG4sNG59So17icRSOU623lUBU=
github.com/jmespath/go-jmespath v0.4.0 h1:BEgLn5cpjn8UN1mAw4NjwDrS35OdebyEtFe+9YPoQUg=
github.com/jmespath/go-jmespath v0.4.0/go.mod h1:T8mJZnbsbmF+m6zOOFylbeCJqk5+pHWvzYPziyZiYoo=
github.com/jmespath/go-jmespath/internal/testify v1.5.1 h1:shLQSRRSCCPj3f2gpwzGwWFoC7ycTf1rcQZHOlsJ6N8=
github.com/jmespath/go-jmespath/internal/testify v1.5.1/go.mod h1:L3OGu8Wl2/fWfCI6z80xFu9LTZmf1ZRjMHUOPmWr69U=
github.com/pkg/errors v0.9.1/go.mod h1:bwawxfHBFNV+L2hUp1rHADufV3IMtnDRdf1r5NINEl0=
github.com/plivo/plivo-go v7.2.0+incompatible h1:D6iAcdQTIFMe9xngJIEqffNa9gSIRoXgK/xDxB8r6/E=
github.com/plivo/plivo-go v7.2.0+incompatible/go.mod h1:OhnI9crdl6O+D94Lp1lvuwJoA3KUH39J6IM+j3HwCBE=
github.com/pmezard/go-difflib v1.0.0 h1:4DBwDE0NGyQoBHbLQYPwSUPoCMWR5BEzIk/f1lZbAQM=
github.com/pmezard/go-difflib v1.0.0/go.mod h1:iKH77koFhYxTK1pcRnkKkqfTogsbg7gZNVY4sRDYZ/4=
github.com/rs/xid v1.2.1/go.mod h1:+uKXf+4Djp6Md1KODXJxgGQPKngRmWyn10oCKFzNHOQ=
github.com/rs/xid v1.3.0/go.mod h1:trrq9SKmegXys3aeAKXMUTdJsYXVwGY3RLcfgqegfbg=
github.com/rs/zerolog v1.23.0/go.mod h1:6c7hFfxPOy7TacJc4Fcdi24/J0NKYGzjG8FWRI916Qo=
github.com/rs/zerolog v1.26.1 h1:/ihwxqH+4z8UxyI70wM1z9yCvkWcfz/a3mj48k/Zngc=
github.com/rs/zerolog v1.26.1/go.mod h1:/wSSJWX7lVrsOwlbyTRSOJvqRlc+WjWlfes+CiJ+tmc=
github.com/russross/blackfriday/v2 v2.0.1/go.mod h1:+Rmxgy9KzJVeS9/2gXHxylqXiyQDYRxCVz55jmeOWTM=
github.com/satori/go.uuid v1.2.0 h1:0uYX9dsZ2yD7q2RtLRtPSdGDWzjeM3TbMJP9utgA0ww=
github.com/satori/go.uuid v1.2.0/go.mod h1:dA0hQrYB0VpLJoorglMZABFdXlWrHn1NEOzdhQKdks0=
github.com/shurcooL/sanitized_anchor_name v1.0.0/go.mod h1:1NzhyTcUVG4SuEtjjoZeVRXNmyL/1OwPU0+IJeTBvfc=
github.com/sirupsen/logrus v1.8.1 h1:dJKuHgqk1NNQlqoA6BTlM1Wf9DOH3NBjQyu0h9+AZZE=
github.com/sirupsen/logrus v1.8.1/go.mod h1:yWOB1SBYBC5VeMP7gHvWumXLIWorT60ONWic61uBYv0=
github.com/sowens-csd/ftlambdas v0.0.0-20220319145135-526df69d2ba9 h1:FbsByQEH+LsJvvEudKuFIJ+7h02zqES/uK4sE90g74c=
github.com/sowens-csd/ftlambdas v0.0.0-20220319145135-526df69d2ba9/go.mod h1:i5Qut1kVvSNsjN1obzaNxbirVNa9j7iLRUlBnIC1PV4=
github.com/stretchr/objx v0.1.0/go.mod h1:HFkY916IF+rwdDfMAkV7OtwuqBVzrE8GR6GFx+wExME=
github.com/stretchr/testify v1.2.2/go.mod h1:a8OnRcib4nhh0OaRAV+Yts87kKdq0PP7pXfy6kDkUVs=
github.com/stretchr/testify v1.3.0/go.mod h1:M5WIy9Dh21IEIfnGCwXGc5bZfKNJtfHm1UVUgZn+9EI=
github.com/stretchr/testify v1.6.1 h1:hDPOHmpOpP40lSULcqw7IrRb/u7w6RpDC9399XyoNd0=
github.com/stretchr/testify v1.6.1/go.mod h1:6Fq8oRcR53rry900zMqJjRRixrwX3KX962/h/Wwjteg=
github.com/urfave/cli v1.21.0/go.mod h1:lxDj6qX9Q6lWQxIrbrT0nwecwUtRnhVZAJjJZrVUZZQ=
github.com/urfave/cli/v2 v2.2.0/go.mod h1:SE9GqnLQmjVa0iPEY0f1w3ygNIYcIJ0OKPMoW2caLfQ=
github.com/yuin/goldmark v1.2.1/go.mod h1:3hX8gzYuyVAZsxl0MRgGTJEmQBFcNTphYh9decYSb74=
github.com/yuin/goldmark v1.4.0/go.mod h1:mwnBkeHKe2W/ZEtQ+71ViKU8L12m81fl3OWwC1Zlc8k=
go.uber.org/goleak v0.10.0 h1:G3eWbSNIskeRqtsN/1uI5B+eP73y3JUuBsv9AZjehb4=
go.uber.org/goleak v0.10.0/go.mod h1:VCZuO8V8mFPlL0F5J5GK1rtHV3DrFcQ1R8ryq7FK0aI=
golang.org/x/crypto v0.0.0-20190308221718-c2843e01d9a2/go.mod h1:djNgcEr1/C05ACkg1iLfiJU5Ep61QUkGW8qpdssI0+w=
golang.org/x/crypto v0.0.0-20191011191535-87dc89f01550/go.mod h1:yigFU9vqHzYiE8UmvKecakEJjdnWj3jj499lnFckfCI=
golang.org/x/crypto v0.0.0-20200622213623-75b288015ac9/go.mod h1:LzIPMQfyMNhhGPhUkYOs5KpL4U8rLKemX1yGLhDgUto=
golang.org/x/crypto v0.0.0-20210711020723-a769d52b0f97/go.mod h1:GvvjBRRGRdwPK5ydBHafDWAxML/pGHZbMvKqRZ5+Abc=
golang.org/x/crypto v0.0.0-20211215165025-cf75a172585e/go.mod h1:P+XmwS30IXTQdn5tA2iutPOUgjI07+tq3H3K9MVA1s8=
golang.org/x/mod v0.3.0/go.mod h1:s0Qsj1ACt9ePp/hMypM3fl4fZqREWJwdYDEqhRiZZUA=
golang.org/x/mod v0.4.2/go.mod h1:s0Qsj1ACt9ePp/hMypM3fl4fZqREWJwdYDEqhRiZZUA=
golang.org/x/net v0.0.0-20190404232315-eb5bcb51f2a3/go.mod h1:t9HGtf8HONx5eT2rtn7q6eTqICYqUVnKs3thJo3Qplg=
golang.org/x/net v0.0.0-20190620200207-3b0461eec859/go.mod h1:z5CRVTTTmAJ677TzLLGU+0bjPO0LkuOLi4/5GtJWs/s=
golang.org/x/net v0.0.0-20201021035429-f5854403a974/go.mod h1:sp8m0HH+o8qH0wwXwYZr8TS3Oi6o0r6Gce1SSxlDquU=
golang.org/x/net v0.0.0-20210226172049-e18ecbb05110/go.mod h1:m0MpNAwzfU5UDzcl9v0D8zg8gWTRqZa9RBIspLL5mdg=
golang.org/x/net v0.0.0-20210614182718-04defd469f4e/go.mod h1:9nx3DQGgdP8bBQD5qxJ1jj9UTztislL4KSBs9R2vV5Y=
golang.org/x/net v0.0.0-20210805182204-aaa1db679c0d/go.mod h1:9nx3DQGgdP8bBQD5qxJ1jj9UTztislL4KSBs9R2vV5Y=
golang.org/x/sync v0.0.0-20190423024810-112230192c58/go.mod h1:RxMgew5VJxzue5/jJTE5uejpjVlOe/izrB70Jof72aM=
golang.org/x/sync v0.0.0-20201020160332-67f06af15bc9/go.mod h1:RxMgew5VJxzue5/jJTE5uejpjVlOe/izrB70Jof72aM=
golang.org/x/sync v0.0.0-20210220032951-036812b2e83c/go.mod h1:RxMgew5VJxzue5/jJTE5uejpjVlOe/izrB70Jof72aM=
golang.org/x/sys v0.0.0-20190215142949-d0b11bdaac8a/go.mod h1:STP8DvDyc/dI5b8T5hshtkjS+E42TnysNCUPdjciGhY=
golang.org/x/sys v0.0.0-20190412213103-97732733099d/go.mod h1:h1NjWce9XRLGQEsW7wpKNCjG9DtNlClVuFLEZdDNbEs=
golang.org/x/sys v0.0.0-20191026070338-33540a1f6037/go.mod h1:h1NjWce9XRLGQEsW7wpKNCjG9DtNlClVuFLEZdDNbEs=
golang.org/x/sys v0.0.0-20200930185726-fdedc70b468f/go.mod h1:h1NjWce9XRLGQEsW7wpKNCjG9DtNlClVuFLEZdDNbEs=
golang.org/x/sys v0.0.0-20201119102817-f84b799fce68/go.mod h1:h1NjWce9XRLGQEsW7wpKNCjG9DtNlClVuFLEZdDNbEs=
golang.org/x/sys v0.0.0-20210119212857-b64e53b001e4/go.mod h1:h1NjWce9XRLGQEsW7wpKNCjG9DtNlClVuFLEZdDNbEs=
golang.org/x/sys v0.0.0-20210423082822-04245dca01da/go.mod h1:h1NjWce9XRLGQEsW7wpKNCjG9DtNlClVuFLEZdDNbEs=
golang.org/x/sys v0.0.0-20210615035016-665e8c7367d1/go.mod h1:oPkhp1MJrh7nUepCBck5+mAzfO9JrbApNNgaTdGDITg=
golang.org/x/sys v0.0.0-20210809222454-d867a43fc93e/go.mod h1:oPkhp1MJrh7nUepCBck5+mAzfO9JrbApNNgaTdGDITg=
golang.org/x/sys v0.0.0-20220319134239-a9b59b0215f8 h1:OH54vjqzRWmbJ62fjuhxy7AxFFgoHN0/DPc/UrL8cAs=
golang.org/x/term v0.0.0-20201126162022-7de9c90e9dd1/go.mod h1:bj7SfCRtBDWHUb9snDiAeCFNEtKQo2Wmx5Cou7ajbmo=
golang.org/x/text v0.3.0/go.mod h1:NqM8EUOU14njkJ3fqMW+pc6Ldnwhi/IjpwHt7yyuwOQ=
golang.org/x/text v0.3.3/go.mod h1:5Zoc/QRtKVWzQhOtBMvqHzDpF6irO9z98xDceosuGiQ=
golang.org/x/text v0.3.6/go.mod h1:5Zoc/QRtKVWzQhOtBMvqHzDpF6irO9z98xDceosuGiQ=
golang.org/x/tools v0.0.0-20180917221912-90fa682c2a6e/go.mod h1:n7NCudcB/nEzxVGmLbDWY5pfWTLqBcC2KZ6jyYvM4mQ=
golang.org/x/tools v0.0.0-20191119224855-298f0cb1881e/go.mod h1:b+2E5dAYhXwXZwtnZ6UAqBI28+e2cm9otk0dWdXHAEo=
golang.org/x/tools v0.1.0/go.mod h1:xkSsbof2nBLbhDlRMhhhyNLN/zl3eTqcnHD5viDpcZ0=
golang.org/x/tools v0.1.7/go.mod h1:LGqMHiF4EqQNHR1JncWGqT5BVaXmza+X+BDGol+dOxo=
golang.org/x/xerrors v0.0.0-20190717185122-a985d3407aa7/go.mod h1:I/5z698sn9Ka8TeJc9MKroUUfqBBauWjQqLJ2OPfmY0=
golang.org/x/xerrors v0.0.0-20191011141410-1b5146add898/go.mod h1:I/5z698sn9Ka8TeJc9MKroUUfqBBauWjQqLJ2OPfmY0=
golang.org/x/xerrors v0.0.0-20191204190536-9bdfabe68543/go.mod h1:I/5z698sn9Ka8TeJc9MKroUUfqBBauWjQqLJ2OPfmY0=
golang.org/x/xerrors v0.0.0-20200804184101-5ec99f83aff1 h1:go1bK/D/BFZV2I8cIQd1NKEZ+0owSTG1fDTci4IqFcE=
golang.org/x/xerrors v0.0.0-20200804184101-5ec99f83aff1/go.mod h1:I/5z698sn9Ka8TeJc9MKroUUfqBBauWjQqLJ2OPfmY0=
gopkg.in/check.v1 v0.0.0-20161208181325-20d25e280405 h1:yhCVgyC4o1eVCa2tZl7eS0r+SDo693bJlVdllGtEeKM=
gopkg.in/check.v1 v0.0.0-20161208181325-20d25e280405/go.mod h1:Co6ibVJAznAaIkqp8huTwlJQCZ016jof/cbN4VW5Yz0=
gopkg.in/square/go-jose.v2 v2.6.0/go.mod h1:M9dMgbHiYLoDGQrXy7OpJDJWiKiU//h+vD76mk0e1AI=
gopkg.in/yaml.v2 v2.2.2/go.mod h1:hI93XBmqTisBFMUTm0b8Fm+jr3Dg1NNxqwp+5A1VGuI=
gopkg.in/yaml.v2 v2.2.8 h1:obN1ZagJSUGI0Ek/LBmuj4SNLPfIny3KsKFopxRdj10=
gopkg.in/yaml.v2 v2.2.8/go.mod h1:hI93XBmqTisBFMUTm0b8Fm+jr3Dg1NNxqwp+5A1VGuI=
gopkg.in/yaml.v3 v3.0.0-20200313102051-9f266ea9e77c/go.mod h1:K4uyk7z7BCEPqu6E+C64Yfv1cQ7kz7rIZviUmN+EgEM=
gopkg.in/yaml.v3 v3.0.0-20200615113413-eeeca48fe776 h1:tQIYjPdBoyREyB9XMu+nnTclpTYkz2zFM+lzLJFO4gQ=
gopkg.in/yaml.v3 v3.0.0-20200615113413-eeeca48fe776/go.mod h1:K4uyk7z7BCEPqu6E+C64Yfv1cQ7kz7rIZviUmN+EgEM=
